
Microsoft Visual Studio Solution File, Format Version 12.00
# Visual Studio Version 17
VisualStudioVersion = 17.5.33627.172
MinimumVisualStudioVersion = 10.0.40219.1
Project("{8BC9CEB8-8B4A-11D0-8D11-00A0C91BC942}") = "WINAPI", "WINAPI\WINAPI.vcxproj", "{3A49F8FD-98F0-4EC2-A6A7-B1B9B1E81B56}"
EndProject
Global
	GlobalSection(SolutionConfigurationPlatforms) = preSolution
		Debug|x64 = Debug|x64
		Debug|x86 = Debug|x86
		Release|x64 = Release|x64
		Release|x86 = Release|x86
	EndGlobalSection
	GlobalSection(ProjectConfigurationPlatforms) = postSolution
		{3A49F8FD-98F0-4EC2-A6A7-B1B9B1E81B56}.Debug|x64.ActiveCfg = Debug|x64
		{3A49F8FD-98F0-4EC2-A6A7-B1B9B1E81B56}.Debug|x64.Build.0 = Debug|x64
		{3A49F8FD-98F0-4EC2-A6A7-B1B9B1E81B56}.Debug|x86.ActiveCfg = Debug|Win32
		{3A49F8FD-98F0-4EC2-A6A7-B1B9B1E81B56}.Debug|x86.Build.0 = Debug|Win32
		{3A49F8FD-98F0-4EC2-A6A7-B1B9B1E81B56}.Release|x64.ActiveCfg = Release|x64
		{3A49F8FD-98F0-4EC2-A6A7-B1B9B1E81B56}.Release|x64.Build.0 = Release|x64
		{3A49F8FD-98F0-4EC2-A6A7-B1B9B1E81B56}.Release|x86.ActiveCfg = Release|Win32
		{3A49F8FD-98F0-4EC2-A6A7-B1B9B1E81B56}.Release|x86.Build.0 = Release|Win32
	EndGlobalSection
	GlobalSection(SolutionProperties) = preSolution
		HideSolutionNode = FALSE
	EndGlobalSection
	GlobalSection(ExtensibilityGlobals) = postSolution
		SolutionGuid = {10E96244-DF26-41DE-848A-F94ECA1FFD1F}
	EndGlobalSection
EndGlobal
